{
    "_meta": {
        "hash": {
            "sha256": "3e2b7a71617f237c5d824c19e5c2e7a41d6997bcf2289ea29078581e4d73c49c"
        },
        "pipfile-spec": 6,
        "requires": {
            "python_version": "3.9"
        },
        "sources": [
            {
                "name": "pypi",
                "url": "https://pypi.org/simple",
                "verify_ssl": true
            }
        ]
    },
    "default": {
        "strenum": {
            "hashes": [
                "sha256:878fb5ab705442070e4dd1929bb5e2249511c0bcf2b0eeacf3bcd80875c82eff",
                "sha256:a30cda4af7cc6b5bf52c8055bc4bf4b2b6b14a93b574626da33df53cf7740659"
            ],
            "index": "pypi",
            "version": "==0.4.15"
        }
    },
    "develop": {}
}
